
Microsoft Visual Studio Solution File, Format Version 12.00
# Visual Studio 15
VisualStudioVersion = 15.0.28010.2050
MinimumVisualStudioVersion = 10.0.40219.1
Project("{FAE04EC0-301F-11D3-BF4B-00C04F79EFBC}") = "DevEGrid.Android", "DevEGrid\DevEGrid.Android\DevEGrid.Android.csproj", "{469830BD-16FD-4902-8FB7-DBDA8D7515B4}"
EndProject
Project("{9A19103F-16F7-4668-BE54-9A1E7A4F7556}") = "DevEGrid", "DevEGrid\DevEGrid\DevEGrid.csproj", "{EAB16EB3-A3C2-488F-B2E3-40B131FA0C92}"
EndProject
Global
	GlobalSection(SolutionConfigurationPlatforms) = preSolution
		Debug|Any CPU = Debug|Any CPU
		Release|Any CPU = Release|Any CPU
	EndGlobalSection
	GlobalSection(ProjectConfigurationPlatforms) = postSolution
		{469830BD-16FD-4902-8FB7-DBDA8D7515B4}.Debug|Any CPU.ActiveCfg = Debug|Any CPU
		{469830BD-16FD-4902-8FB7-DBDA8D7515B4}.Debug|Any CPU.Build.0 = Debug|Any CPU
		{469830BD-16FD-4902-8FB7-DBDA8D7515B4}.Debug|Any CPU.Deploy.0 = Debug|Any CPU
		{469830BD-16FD-4902-8FB7-DBDA8D7515B4}.Release|Any CPU.ActiveCfg = Release|Any CPU
		{469830BD-16FD-4902-8FB7-DBDA8D7515B4}.Release|Any CPU.Build.0 = Release|Any CPU
		{469830BD-16FD-4902-8FB7-DBDA8D7515B4}.Release|Any CPU.Deploy.0 = Release|Any CPU
		{EAB16EB3-A3C2-488F-B2E3-40B131FA0C92}.Debug|Any CPU.ActiveCfg = Debug|Any CPU
		{EAB16EB3-A3C2-488F-B2E3-40B131FA0C92}.Debug|Any CPU.Build.0 = Debug|Any CPU
		{EAB16EB3-A3C2-488F-B2E3-40B131FA0C92}.Debug|Any CPU.Deploy.0 = Debug|Any CPU
		{EAB16EB3-A3C2-488F-B2E3-40B131FA0C92}.Release|Any CPU.ActiveCfg = Release|Any CPU
		{EAB16EB3-A3C2-488F-B2E3-40B131FA0C92}.Release|Any CPU.Build.0 = Release|Any CPU
		{EAB16EB3-A3C2-488F-B2E3-40B131FA0C92}.Release|Any CPU.Deploy.0 = Release|Any CPU
	EndGlobalSection
	GlobalSection(SolutionProperties) = preSolution
		HideSolutionNode = FALSE
	EndGlobalSection
	GlobalSection(ExtensibilityGlobals) = postSolution
		SolutionGuid = {49104CCE-5BAC-4A97-B7B4-8BA6E5BA9965}
	EndGlobalSection
EndGlobal
